
Microsoft Visual Studio Solution File, Format Version 12.00
# Visual Studio Version 16
VisualStudioVersion = 16.0.30804.86
MinimumVisualStudioVersion = 10.0.40219.1
Project("{8BC9CEB8-8B4A-11D0-8D11-00A0C91BC942}") = "C语言的快乐", "C语言的快乐.vcxproj", "{3C474432-1FE4-4024-95D6-26DD77FA4A63}"
EndProject
Global
	GlobalSection(SolutionConfigurationPlatforms) = preSolution
		Debug|x64 = Debug|x64
		Debug|x86 = Debug|x86
		Release|x64 = Release|x64
		Release|x86 = Release|x86
	EndGlobalSection
	GlobalSection(ProjectConfigurationPlatforms) = postSolution
		{3C474432-1FE4-4024-95D6-26DD77FA4A63}.Debug|x64.ActiveCfg = Debug|x64
		{3C474432-1FE4-4024-95D6-26DD77FA4A63}.Debug|x64.Build.0 = Debug|x64
		{3C474432-1FE4-4024-95D6-26DD77FA4A63}.Debug|x86.ActiveCfg = Debug|Win32
		{3C474432-1FE4-4024-95D6-26DD77FA4A63}.Debug|x86.Build.0 = Debug|Win32
		{3C474432-1FE4-4024-95D6-26DD77FA4A63}.Release|x64.ActiveCfg = Release|x64
		{3C474432-1FE4-4024-95D6-26DD77FA4A63}.Release|x64.Build.0 = Release|x64
		{3C474432-1FE4-4024-95D6-26DD77FA4A63}.Release|x86.ActiveCfg = Release|Win32
		{3C474432-1FE4-4024-95D6-26DD77FA4A63}.Release|x86.Build.0 = Release|Win32
	EndGlobalSection
	GlobalSection(SolutionProperties) = preSolution
		HideSolutionNode = FALSE
	EndGlobalSection
	GlobalSection(ExtensibilityGlobals) = postSolution
		SolutionGuid = {57E26395-416F-4C41-8F4A-E5FB5DE826D3}
	EndGlobalSection
EndGlobal
